
Microsoft Visual Studio Solution File, Format Version 12.00
# Visual Studio 15
VisualStudioVersion = 15.0.27703.2042
MinimumVisualStudioVersion = 10.0.40219.1
Project("{9A19103F-16F7-4668-BE54-9A1E7A4F7556}") = "IEXTrading", "IEXTrading\IEXTrading.csproj", "{988927BF-F16A-44CD-AEF1-0085FCC31848}"
EndProject
Global
	GlobalSection(SolutionConfigurationPlatforms) = preSolution
		Debug|Any CPU = Debug|Any CPU
		Release|Any CPU = Release|Any CPU
	EndGlobalSection
	GlobalSection(ProjectConfigurationPlatforms) = postSolution
		{988927BF-F16A-44CD-AEF1-0085FCC31848}.Debug|Any CPU.ActiveCfg = Debug|Any CPU
		{988927BF-F16A-44CD-AEF1-0085FCC31848}.Debug|Any CPU.Build.0 = Debug|Any CPU
		{988927BF-F16A-44CD-AEF1-0085FCC31848}.Release|Any CPU.ActiveCfg = Release|Any CPU
		{988927BF-F16A-44CD-AEF1-0085FCC31848}.Release|Any CPU.Build.0 = Release|Any CPU
	EndGlobalSection
	GlobalSection(SolutionProperties) = preSolution
		HideSolutionNode = FALSE
	EndGlobalSection
	GlobalSection(ExtensibilityGlobals) = postSolution
		SolutionGuid = {A46DF545-3831-4392-B086-BA58F2560BF8}
	EndGlobalSection
EndGlobal
